PODS:
  - TruexAdRenderer-iOS (3.2.2)

DEPENDENCIES:
  - TruexAdRenderer-iOS (= 3.2.2)

SPEC REPOS:
  https://github.com/socialvibe/cocoapod-specs-dev.git:
    - TruexAdRenderer-iOS

SPEC CHECKSUMS:
  TruexAdRenderer-iOS: 71f02c5c62f88f78661cea78ab21babff6a53178

PODFILE CHECKSUM: c4433654686d50fcea40f99dbb5ac433a69bea30

COCOAPODS: 1.5.3
