PODS:
  - TruexAdRenderer-iOS (3.2.4)

DEPENDENCIES:
  - TruexAdRenderer-iOS (= 3.2.4)

SPEC REPOS:
  https://github.com/socialvibe/cocoapod-specs-dev.git:
    - TruexAdRenderer-iOS

SPEC CHECKSUMS:
  TruexAdRenderer-iOS: 950093eda8fd1854eff779f70825fdc7ccb0cd09

PODFILE CHECKSUM: 53e845072b89a5971a68eb9b5773574dd5e50e73

COCOAPODS: 1.9.3
