{
  "originHash" : "cddbf8590eb4ede1ce309e72845b892910fb7ba6043c30abe97952d1806cde3a",
  "pins" : [
    {
      "identity" : "truexadrenderer-ios-swift-package",
      "kind" : "remoteSourceControl",
      "location" : "https://github.com/socialvibe/TruexAdRenderer-iOS-Swift-Package",
      "state" : {
        "revision" : "6add5ea999df749aaf41010f0e058fa1368dd65a",
        "version" : "4.1.0"
      }
    }
  ],
  "version" : 3
}
